// !$*UTF8*$!
{
	archiveVersion = 1;
	classes = {
	};
	objectVersion = 55;
	objects = {

/* Begin PBXBuildFile section */
		43AB9FD43F5445EB72ECFC99 /* Pods_SwiftDay3Task.framework in Frameworks */ = {isa = PBXBuildFile; fileRef = 93BF6BA2C208A34CE3946439 /* Pods_SwiftDay3Task.framework */; };
		A88F96D4AA8860A5B2EF7E49 /* Pods_SwiftDay3Task_SwiftDay3TaskUITests.framework in Frameworks */ = {isa = PBXBuildFile; fileRef = 2F3DF4B7BC63BD0EE7C374CB /* Pods_SwiftDay3Task_SwiftDay3TaskUITests.framework */; };
		B688FF5B2BDA69D6008F6800 /* AppDelegate.swift in Sources */ = {isa = PBXBuildFile; fileRef = B688FF5A2BDA69D6008F6800 /* AppDelegate.swift */; };
		B688FF5D2BDA69D6008F6800 /* SceneDelegate.swift in Sources */ = {isa = PBXBuildFile; fileRef = B688FF5C2BDA69D6008F6800 /* SceneDelegate.swift */; };
		B688FF5F2BDA69D6008F6800 /* ViewController.swift in Sources */ = {isa = PBXBuildFile; fileRef = B688FF5E2BDA69D6008F6800 /* ViewController.swift */; };
		B688FF622BDA69D6008F6800 /* Main.storyboard in Resources */ = {isa = PBXBuildFile; fileRef = B688FF602BDA69D6008F6800 /* Main.storyboard */; };
		B688FF642BDA69DB008F6800 /* Assets.xcassets in Resources */ = {isa = PBXBuildFile; fileRef = B688FF632BDA69DB008F6800 /* Assets.xcassets */; };
		B688FF672BDA69DB008F6800 /* LaunchScreen.storyboard in Resources */ = {isa = PBXBuildFile; fileRef = B688FF652BDA69DB008F6800 /* LaunchScreen.storyboard */; };
		B688FF722BDA69DB008F6800 /* SwiftDay3TaskTests.swift in Sources */ = {isa = PBXBuildFile; fileRef = B688FF712BDA69DB008F6800 /* SwiftDay3TaskTests.swift */; };
		B688FF7C2BDA69DB008F6800 /* SwiftDay3TaskUITests.swift in Sources */ = {isa = PBXBuildFile; fileRef = B688FF7B2BDA69DB008F6800 /* SwiftDay3TaskUITests.swift */; };
		B688FF7E2BDA69DB008F6800 /* SwiftDay3TaskUITestsLaunchTests.swift in Sources */ = {isa = PBXBuildFile; fileRef = B688FF7D2BDA69DB008F6800 /* SwiftDay3TaskUITestsLaunchTests.swift */; };
		B688FF8B2BDA6AC5008F6800 /* MoviesTableViewController.swift in Sources */ = {isa = PBXBuildFile; fileRef = B688FF8A2BDA6AC5008F6800 /* MoviesTableViewController.swift */; };
		B688FF8D2BDA6B02008F6800 /* InputMovieViewController.swift in Sources */ = {isa = PBXBuildFile; fileRef = B688FF8C2BDA6B02008F6800 /* InputMovieViewController.swift */; };
		B688FF912BDA6B66008F6800 /* DisplayDetailsViewController.swift in Sources */ = {isa = PBXBuildFile; fileRef = B688FF902BDA6B66008F6800 /* DisplayDetailsViewController.swift */; };
		B688FF932BDA6E4A008F6800 /* DataModel.swift in Sources */ = {isa = PBXBuildFile; fileRef = B688FF922BDA6E4A008F6800 /* DataModel.swift */; };
		B688FF952BDA6E5B008F6800 /* CommunicationDelegate.swift in Sources */ = {isa = PBXBuildFile; fileRef = B688FF942BDA6E5B008F6800 /* CommunicationDelegate.swift */; };
		B68FEB902BDC787A0005B87B /* UIImageViewExtension.swift in Sources */ = {isa = PBXBuildFile; fileRef = B68FEB8F2BDC787A0005B87B /* UIImageViewExtension.swift */; };
		B68FEB932BDCA7050005B87B /* CustomTableViewCell.swift in Sources */ = {isa = PBXBuildFile; fileRef = B68FEB912BDCA7050005B87B /* CustomTableViewCell.swift */; };
		B68FEB942BDCA7050005B87B /* CustomTableViewCell.xib in Resources */ = {isa = PBXBuildFile; fileRef = B68FEB922BDCA7050005B87B /* CustomTableViewCell.xib */; };
/* End PBXBuildFile section */

/* Begin PBXContainerItemProxy section */
		B688FF6E2BDA69DB008F6800 /* PBXContainerItemProxy */ = {
			isa = PBXContainerItemProxy;
			containerPortal = B688FF4F2BDA69D6008F6800 /* Project object */;
			proxyType = 1;
			remoteGlobalIDString = B688FF562BDA69D6008F6800;
			remoteInfo = SwiftDay3Task;
		};
		B688FF782BDA69DB008F6800 /* PBXContainerItemProxy */ = {
			isa = PBXContainerItemProxy;
			containerPortal = B688FF4F2BDA69D6008F6800 /* Project object */;
			proxyType = 1;
			remoteGlobalIDString = B688FF562BDA69D6008F6800;
			remoteInfo = SwiftDay3Task;
		};
/* End PBXContainerItemProxy section */

/* Begin PBXFileReference section */
		2C05F7253671AF43B15C3001 /* Pods-SwiftDay3Task-SwiftDay3TaskUITests.release.xcconfig */ = {isa = PBXFileReference; includeInIndex = 1; lastKnownFileType = text.xcconfig; name = "Pods-SwiftDay3Task-SwiftDay3TaskUITests.release.xcconfig"; path = "Target Support Files/Pods-SwiftDay3Task-SwiftDay3TaskUITests/Pods-SwiftDay3Task-SwiftDay3TaskUITests.release.xcconfig"; sourceTree = "<group>"; };
		2F3DF4B7BC63BD0EE7C374CB /* Pods_SwiftDay3Task_SwiftDay3TaskUITests.framework */ = {isa = PBXFileReference; explicitFileType = wrapper.framework; includeInIndex = 0; path = Pods_SwiftDay3Task_SwiftDay3TaskUITests.framework; sourceTree = BUILT_PRODUCTS_DIR; };
		93BF6BA2C208A34CE3946439 /* Pods_SwiftDay3Task.framework */ = {isa = PBXFileReference; explicitFileType = wrapper.framework; includeInIndex = 0; path = Pods_SwiftDay3Task.framework; sourceTree = BUILT_PRODUCTS_DIR; };
		9CF1FE390494C45B1E8BC27E /* Pods-SwiftDay3Task-SwiftDay3TaskUITests.debug.xcconfig */ = {isa = PBXFileReference; includeInIndex = 1; lastKnownFileType = text.xcconfig; name = "Pods-SwiftDay3Task-SwiftDay3TaskUITests.debug.xcconfig"; path = "Target Support Files/Pods-SwiftDay3Task-SwiftDay3TaskUITests/Pods-SwiftDay3Task-SwiftDay3TaskUITests.debug.xcconfig"; sourceTree = "<group>"; };
		B688FF572BDA69D6008F6800 /* SwiftDay3Task.app */ = {isa = PBXFileReference; explicitFileType = wrapper.application; includeInIndex = 0; path = SwiftDay3Task.app; sourceTree = BUILT_PRODUCTS_DIR; };
		B688FF5A2BDA69D6008F6800 /* AppDelegate.swift */ = {isa = PBXFileReference; lastKnownFileType = sourcecode.swift; path = AppDelegate.swift; sourceTree = "<group>"; };
		B688FF5C2BDA69D6008F6800 /* SceneDelegate.swift */ = {isa = PBXFileReference; lastKnownFileType = sourcecode.swift; path = SceneDelegate.swift; sourceTree = "<group>"; };
		B688FF5E2BDA69D6008F6800 /* ViewController.swift */ = {isa = PBXFileReference; lastKnownFileType = sourcecode.swift; path = ViewController.swift; sourceTree = "<group>"; };
		B688FF612BDA69D6008F6800 /* Base */ = {isa = PBXFileReference; lastKnownFileType = file.storyboard; name = Base; path = Base.lproj/Main.storyboard; sourceTree = "<group>"; };
		B688FF632BDA69DB008F6800 /* Assets.xcassets */ = {isa = PBXFileReference; lastKnownFileType = folder.assetcatalog; path = Assets.xcassets; sourceTree = "<group>"; };
		B688FF662BDA69DB008F6800 /* Base */ = {isa = PBXFileReference; lastKnownFileType = file.storyboard; name = Base; path = Base.lproj/LaunchScreen.storyboard; sourceTree = "<group>"; };
		B688FF682BDA69DB008F6800 /* Info.plist */ = {isa = PBXFileReference; lastKnownFileType = text.plist.xml; path = Info.plist; sourceTree = "<group>"; };
		B688FF6D2BDA69DB008F6800 /* SwiftDay3TaskTests.xctest */ = {isa = PBXFileReference; explicitFileType = wrapper.cfbundle; includeInIndex = 0; path = SwiftDay3TaskTests.xctest; sourceTree = BUILT_PRODUCTS_DIR; };
		B688FF712BDA69DB008F6800 /* SwiftDay3TaskTests.swift */ = {isa = PBXFileReference; lastKnownFileType = sourcecode.swift; path = SwiftDay3TaskTests.swift; sourceTree = "<group>"; };
		B688FF772BDA69DB008F6800 /* SwiftDay3TaskUITests.xctest */ = {isa = PBXFileReference; explicitFileType = wrapper.cfbundle; includeInIndex = 0; path = SwiftDay3TaskUITests.xctest; sourceTree = BUILT_PRODUCTS_DIR; };
		B688FF7B2BDA69DB008F6800 /* SwiftDay3TaskUITests.swift */ = {isa = PBXFileReference; lastKnownFileType = sourcecode.swift; path = SwiftDay3TaskUITests.swift; sourceTree = "<group>"; };
		B688FF7D2BDA69DB008F6800 /* SwiftDay3TaskUITestsLaunchTests.swift */ = {isa = PBXFileReference; lastKnownFileType = sourcecode.swift; path = SwiftDay3TaskUITestsLaunchTests.swift; sourceTree = "<group>"; };
		B688FF8A2BDA6AC5008F6800 /* MoviesTableViewController.swift */ = {isa = PBXFileReference; lastKnownFileType = sourcecode.swift; path = MoviesTableViewController.swift; sourceTree = "<group>"; };
		B688FF8C2BDA6B02008F6800 /* InputMovieViewController.swift */ = {isa = PBXFileReference; lastKnownFileType = sourcecode.swift; path = InputMovieViewController.swift; sourceTree = "<group>"; };
		B688FF902BDA6B66008F6800 /* DisplayDetailsViewController.swift */ = {isa = PBXFileReference; lastKnownFileType = sourcecode.swift; path = DisplayDetailsViewController.swift; sourceTree = "<group>"; };
		B688FF922BDA6E4A008F6800 /* DataModel.swift */ = {isa = PBXFileReference; lastKnownFileType = sourcecode.swift; path = DataModel.swift; sourceTree = "<group>"; };
		B688FF942BDA6E5B008F6800 /* CommunicationDelegate.swift */ = {isa = PBXFileReference; lastKnownFileType = sourcecode.swift; path = CommunicationDelegate.swift; sourceTree = "<group>"; };
		B68FEB8F2BDC787A0005B87B /* UIImageViewExtension.swift */ = {isa = PBXFileReference; lastKnownFileType = sourcecode.swift; path = UIImageViewExtension.swift; sourceTree = "<group>"; };
		B68FEB912BDCA7050005B87B /* CustomTableViewCell.swift */ = {isa = PBXFileReference; lastKnownFileType = sourcecode.swift; path = CustomTableViewCell.swift; sourceTree = "<group>"; };
		B68FEB922BDCA7050005B87B /* CustomTableViewCell.xib */ = {isa = PBXFileReference; lastKnownFileType = file.xib; path = CustomTableViewCell.xib; sourceTree = "<group>"; };
		B692C7662BDE553B0048A4A0 /* libsqlite3.tbd */ = {isa = PBXFileReference; lastKnownFileType = "sourcecode.text-based-dylib-definition"; name = libsqlite3.tbd; path = usr/lib/libsqlite3.tbd; sourceTree = SDKROOT; };
		D78FE0C63D504AD6C32E1CDF /* Pods-SwiftDay3Task.debug.xcconfig */ = {isa = PBXFileReference; includeInIndex = 1; lastKnownFileType = text.xcconfig; name = "Pods-SwiftDay3Task.debug.xcconfig"; path = "Target Support Files/Pods-SwiftDay3Task/Pods-SwiftDay3Task.debug.xcconfig"; sourceTree = "<group>"; };
		DBAA0393937B9EB4BCD8A528 /* Pods-SwiftDay3Task.release.xcconfig */ = {isa = PBXFileReference; includeInIndex = 1; lastKnownFileType = text.xcconfig; name = "Pods-SwiftDay3Task.release.xcconfig"; path = "Target Support Files/Pods-SwiftDay3Task/Pods-SwiftDay3Task.release.xcconfig"; sourceTree = "<group>"; };
/* End PBXFileReference section */

/* Begin PBXFrameworksBuildPhase section */
		B688FF542BDA69D6008F6800 /* Frameworks */ = {
			isa = PBXFrameworksBuildPhase;
			buildActionMask = 2147483647;
			files = (
				43AB9FD43F5445EB72ECFC99 /* Pods_SwiftDay3Task.framework in Frameworks */,
			);
			runOnlyForDeploymentPostprocessing = 0;
		};
		B688FF6A2BDA69DB008F6800 /* Frameworks */ = {
			isa = PBXFrameworksBuildPhase;
			buildActionMask = 2147483647;
			files = (
			);
			runOnlyForDeploymentPostprocessing = 0;
		};
		B688FF742BDA69DB008F6800 /* Frameworks */ = {
			isa = PBXFrameworksBuildPhase;
			buildActionMask = 2147483647;
			files = (
				A88F96D4AA8860A5B2EF7E49 /* Pods_SwiftDay3Task_SwiftDay3TaskUITests.framework in Frameworks */,
			);
			runOnlyForDeploymentPostprocessing = 0;
		};
/* End PBXFrameworksBuildPhase section */

/* Begin PBXGroup section */
		0D45127CE5419717630DC0F0 /* Frameworks */ = {
			isa = PBXGroup;
			children = (
				B692C7662BDE553B0048A4A0 /* libsqlite3.tbd */,
				93BF6BA2C208A34CE3946439 /* Pods_SwiftDay3Task.framework */,
				2F3DF4B7BC63BD0EE7C374CB /* Pods_SwiftDay3Task_SwiftDay3TaskUITests.framework */,
			);
			name = Frameworks;
			sourceTree = "<group>";
		};
		B688FF4E2BDA69D6008F6800 = {
			isa = PBXGroup;
			children = (
				B688FF592BDA69D6008F6800 /* SwiftDay3Task */,
				B688FF702BDA69DB008F6800 /* SwiftDay3TaskTests */,
				B688FF7A2BDA69DB008F6800 /* SwiftDay3TaskUITests */,
				B688FF582BDA69D6008F6800 /* Products */,
				EEA48E02338CCD8A82E30B14 /* Pods */,
				0D45127CE5419717630DC0F0 /* Frameworks */,
			);
			sourceTree = "<group>";
		};
		B688FF582BDA69D6008F6800 /* Products */ = {
			isa = PBXGroup;
			children = (
				B688FF572BDA69D6008F6800 /* SwiftDay3Task.app */,
				B688FF6D2BDA69DB008F6800 /* SwiftDay3TaskTests.xctest */,
				B688FF772BDA69DB008F6800 /* SwiftDay3TaskUITests.xctest */,
			);
			name = Products;
			sourceTree = "<group>";
		};
		B688FF592BDA69D6008F6800 /* SwiftDay3Task */ = {
			isa = PBXGroup;
			children = (
				B688FF5A2BDA69D6008F6800 /* AppDelegate.swift */,
				B688FF5C2BDA69D6008F6800 /* SceneDelegate.swift */,
				B688FF5E2BDA69D6008F6800 /* ViewController.swift */,
				B688FF602BDA69D6008F6800 /* Main.storyboard */,
				B688FF632BDA69DB008F6800 /* Assets.xcassets */,
				B688FF652BDA69DB008F6800 /* LaunchScreen.storyboard */,
				B688FF682BDA69DB008F6800 /* Info.plist */,
				B688FF8A2BDA6AC5008F6800 /* MoviesTableViewController.swift */,
				B688FF8C2BDA6B02008F6800 /* InputMovieViewController.swift */,
				B688FF902BDA6B66008F6800 /* DisplayDetailsViewController.swift */,
				B688FF922BDA6E4A008F6800 /* DataModel.swift */,
				B688FF942BDA6E5B008F6800 /* CommunicationDelegate.swift */,
				B68FEB8F2BDC787A0005B87B /* UIImageViewExtension.swift */,
				B68FEB912BDCA7050005B87B /* CustomTableViewCell.swift */,
				B68FEB922BDCA7050005B87B /* CustomTableViewCell.xib */,
			);
			path = SwiftDay3Task;
			sourceTree = "<group>";
		};
		B688FF702BDA69DB008F6800 /* SwiftDay3TaskTests */ = {
			isa = PBXGroup;
			children = (
				B688FF712BDA69DB008F6800 /* SwiftDay3TaskTests.swift */,
			);
			path = SwiftDay3TaskTests;
			sourceTree = "<group>";
		};
		B688FF7A2BDA69DB008F6800 /* SwiftDay3TaskUITests */ = {
			isa = PBXGroup;
			children = (
				B688FF7B2BDA69DB008F6800 /* SwiftDay3TaskUITests.swift */,
				B688FF7D2BDA69DB008F6800 /* SwiftDay3TaskUITestsLaunchTests.swift */,
			);
			path = SwiftDay3TaskUITests;
			sourceTree = "<group>";
		};
		EEA48E02338CCD8A82E30B14 /* Pods */ = {
			isa = PBXGroup;
			children = (
				D78FE0C63D504AD6C32E1CDF /* Pods-SwiftDay3Task.debug.xcconfig */,
				DBAA0393937B9EB4BCD8A528 /* Pods-SwiftDay3Task.release.xcconfig */,
				9CF1FE390494C45B1E8BC27E /* Pods-SwiftDay3Task-SwiftDay3TaskUITests.debug.xcconfig */,
				2C05F7253671AF43B15C3001 /* Pods-SwiftDay3Task-SwiftDay3TaskUITests.release.xcconfig */,
			);
			path = Pods;
			sourceTree = "<group>";
		};
/* End PBXGroup section */

/* Begin PBXNativeTarget section */
		B688FF562BDA69D6008F6800 /* SwiftDay3Task */ = {
			isa = PBXNativeTarget;
			buildConfigurationList = B688FF812BDA69DB008F6800 /* Build configuration list for PBXNativeTarget "SwiftDay3Task" */;
			buildPhases = (
				B44976254C4C215ACE3D3AB6 /* [CP] Check Pods Manifest.lock */,
				B688FF532BDA69D6008F6800 /* Sources */,
				B688FF542BDA69D6008F6800 /* Frameworks */,
				B688FF552BDA69D6008F6800 /* Resources */,
				281EE67F472E2ABED7946E4D /* [CP] Embed Pods Frameworks */,
			);
			buildRules = (
			);
			dependencies = (
			);
			name = SwiftDay3Task;
			productName = SwiftDay3Task;
			productReference = B688FF572BDA69D6008F6800 /* SwiftDay3Task.app */;
			productType = "com.apple.product-type.application";
		};
		B688FF6C2BDA69DB008F6800 /* SwiftDay3TaskTests */ = {
			isa = PBXNativeTarget;
			buildConfigurationList = B688FF842BDA69DB008F6800 /* Build configuration list for PBXNativeTarget "SwiftDay3TaskTests" */;
			buildPhases = (
				B688FF692BDA69DB008F6800 /* Sources */,
				B688FF6A2BDA69DB008F6800 /* Frameworks */,
				B688FF6B2BDA69DB008F6800 /* Resources */,
			);
			buildRules = (
			);
			dependencies = (
				B688FF6F2BDA69DB008F6800 /* PBXTargetDependency */,
			);
			name = SwiftDay3TaskTests;
			productName = SwiftDay3TaskTests;
			productReference = B688FF6D2BDA69DB008F6800 /* SwiftDay3TaskTests.xctest */;
			productType = "com.apple.product-type.bundle.unit-test";
		};
		B688FF762BDA69DB008F6800 /* SwiftDay3TaskUITests */ = {
			isa = PBXNativeTarget;
			buildConfigurationList = B688FF872BDA69DB008F6800 /* Build configuration list for PBXNativeTarget "SwiftDay3TaskUITests" */;
			buildPhases = (
				8CC0148699F7CCD8873FB2CE /* [CP] Check Pods Manifest.lock */,
				B688FF732BDA69DB008F6800 /* Sources */,
				B688FF742BDA69DB008F6800 /* Frameworks */,
				B688FF752BDA69DB008F6800 /* Resources */,
				990C666D8F85CFFF98FFFC28 /* [CP] Embed Pods Frameworks */,
			);
			buildRules = (
			);
			dependencies = (
				B688FF792BDA69DB008F6800 /* PBXTargetDependency */,
			);
			name = SwiftDay3TaskUITests;
			productName = SwiftDay3TaskUITests;
			productReference = B688FF772BDA69DB008F6800 /* SwiftDay3TaskUITests.xctest */;
			productType = "com.apple.product-type.bundle.ui-testing";
		};
/* End PBXNativeTarget section */

/* Begin PBXProject section */
		B688FF4F2BDA69D6008F6800 /* Project object */ = {
			isa = PBXProject;
			attributes = {
				BuildIndependentTargetsInParallel = 1;
				LastSwiftUpdateCheck = 1340;
				LastUpgradeCheck = 1340;
				TargetAttributes = {
					B688FF562BDA69D6008F6800 = {
						CreatedOnToolsVersion = 13.4.1;
					};
					B688FF6C2BDA69DB008F6800 = {
						CreatedOnToolsVersion = 13.4.1;
						TestTargetID = B688FF562BDA69D6008F6800;
					};
					B688FF762BDA69DB008F6800 = {
						CreatedOnToolsVersion = 13.4.1;
						TestTargetID = B688FF562BDA69D6008F6800;
					};
				};
			};
			buildConfigurationList = B688FF522BDA69D6008F6800 /* Build configuration list for PBXProject "SwiftDay3Task" */;
			compatibilityVersion = "Xcode 13.0";
			developmentRegion = en;
			hasScannedForEncodings = 0;
			knownRegions = (
				en,
				Base,
			);
			mainGroup = B688FF4E2BDA69D6008F6800;
			productRefGroup = B688FF582BDA69D6008F6800 /* Products */;
			projectDirPath = "";
			projectRoot = "";
			targets = (
				B688FF562BDA69D6008F6800 /* SwiftDay3Task */,
				B688FF6C2BDA69DB008F6800 /* SwiftDay3TaskTests */,
				B688FF762BDA69DB008F6800 /* SwiftDay3TaskUITests */,
			);
		};
/* End PBXProject section */

/* Begin PBXResourcesBuildPhase section */
		B688FF552BDA69D6008F6800 /* Resources */ = {
			isa = PBXResourcesBuildPhase;
			buildActionMask = 2147483647;
			files = (
				B688FF672BDA69DB008F6800 /* LaunchScreen.storyboard in Resources */,
				B688FF642BDA69DB008F6800 /* Assets.xcassets in Resources */,
				B68FEB942BDCA7050005B87B /* CustomTableViewCell.xib in Resources */,
				B688FF622BDA69D6008F6800 /* Main.storyboard in Resources */,
			);
			runOnlyForDeploymentPostprocessing = 0;
		};
		B688FF6B2BDA69DB008F6800 /* Resources */ = {
			isa = PBXResourcesBuildPhase;
			buildActionMask = 2147483647;
			files = (
			);
			runOnlyForDeploymentPostprocessing = 0;
		};
		B688FF752BDA69DB008F6800 /* Resources */ = {
			isa = PBXResourcesBuildPhase;
			buildActionMask = 2147483647;
			files = (
			);
			runOnlyForDeploymentPostprocessing = 0;
		};
/* End PBXResourcesBuildPhase section */

/* Begin PBXShellScriptBuildPhase section */
		281EE67F472E2ABED7946E4D /* [CP] Embed Pods Frameworks */ = {
			isa = PBXShellScriptBuildPhase;
			buildActionMask = 2147483647;
			files = (
			);
			inputFileListPaths = (
				"${PODS_ROOT}/Target Support Files/Pods-SwiftDay3Task/Pods-SwiftDay3Task-frameworks-${CONFIGURATION}-input-files.xcfilelist",
			);
			name = "[CP] Embed Pods Frameworks";
			outputFileListPaths = (
				"${PODS_ROOT}/Target Support Files/Pods-SwiftDay3Task/Pods-SwiftDay3Task-frameworks-${CONFIGURATION}-output-files.xcfilelist",
			);
			runOnlyForDeploymentPostprocessing = 0;
			shellPath = /bin/sh;
			shellScript = "\"${PODS_ROOT}/Target Support Files/Pods-SwiftDay3Task/Pods-SwiftDay3Task-frameworks.sh\"\n";
			showEnvVarsInLog = 0;
		};
		8CC0148699F7CCD8873FB2CE /* [CP] Check Pods Manifest.lock */ = {
			isa = PBXShellScriptBuildPhase;
			buildActionMask = 2147483647;
			files = (
			);
			inputFileListPaths = (
			);
			inputPaths = (
				"${PODS_PODFILE_DIR_PATH}/Podfile.lock",
				"${PODS_ROOT}/Manifest.lock",
			);
			name = "[CP] Check Pods Manifest.lock";
			outputFileListPaths = (
			);
			outputPaths = (
				"$(DERIVED_FILE_DIR)/Pods-SwiftDay3Task-SwiftDay3TaskUITests-checkManifestLockResult.txt",
			);
			runOnlyForDeploymentPostprocessing = 0;
			shellPath = /bin/sh;
			shellScript = "diff \"${PODS_PODFILE_DIR_PATH}/Podfile.lock\" \"${PODS_ROOT}/Manifest.lock\" > /dev/null\nif [ $? != 0 ] ; then\n    # print error to STDERR\n    echo \"error: The sandbox is not in sync with the Podfile.lock. Run 'pod install' or update your CocoaPods installation.\" >&2\n    exit 1\nfi\n# This output is used by Xcode 'outputs' to avoid re-running this script phase.\necho \"SUCCESS\" > \"${SCRIPT_OUTPUT_FILE_0}\"\n";
			showEnvVarsInLog = 0;
		};
		990C666D8F85CFFF98FFFC28 /* [CP] Embed Pods Frameworks */ = {
			isa = PBXShellScriptBuildPhase;
			buildActionMask = 2147483647;
			files = (
			);
			inputFileListPaths = (
				"${PODS_ROOT}/Target Support Files/Pods-SwiftDay3Task-SwiftDay3TaskUITests/Pods-SwiftDay3Task-SwiftDay3TaskUITests-frameworks-${CONFIGURATION}-input-files.xcfilelist",
			);
			name = "[CP] Embed Pods Frameworks";
			outputFileListPaths = (
				"${PODS_ROOT}/Target Support Files/Pods-SwiftDay3Task-SwiftDay3TaskUITests/Pods-SwiftDay3Task-SwiftDay3TaskUITests-frameworks-${CONFIGURATION}-output-files.xcfilelist",
			);
			runOnlyForDeploymentPostprocessing = 0;
			shellPath = /bin/sh;
			shellScript = "\"${PODS_ROOT}/Target Support Files/Pods-SwiftDay3Task-SwiftDay3TaskUITests/Pods-SwiftDay3Task-SwiftDay3TaskUITests-frameworks.sh\"\n";
			showEnvVarsInLog = 0;
		};
		B44976254C4C215ACE3D3AB6 /* [CP] Check Pods Manifest.lock */ = {
			isa = PBXShellScriptBuildPhase;
			buildActionMask = 2147483647;
			files = (
			);
			inputFileListPaths = (
			);
			inputPaths = (
				"${PODS_PODFILE_DIR_PATH}/Podfile.lock",
				"${PODS_ROOT}/Manifest.lock",
			);
			name = "[CP] Check Pods Manifest.lock";
			outputFileListPaths = (
			);
			outputPaths = (
				"$(DERIVED_FILE_DIR)/Pods-SwiftDay3Task-checkManifestLockResult.txt",
			);
			runOnlyForDeploymentPostprocessing = 0;
			shellPath = /bin/sh;
			shellScript = "diff \"${PODS_PODFILE_DIR_PATH}/Podfile.lock\" \"${PODS_ROOT}/Manifest.lock\" > /dev/null\nif [ $? != 0 ] ; then\n    # print error to STDERR\n    echo \"error: The sandbox is not in sync with the Podfile.lock. Run 'pod install' or update your CocoaPods installation.\" >&2\n    exit 1\nfi\n# This output is used by Xcode 'outputs' to avoid re-running this script phase.\necho \"SUCCESS\" > \"${SCRIPT_OUTPUT_FILE_0}\"\n";
			showEnvVarsInLog = 0;
		};
/* End PBXShellScriptBuildPhase section */

/* Begin PBXSourcesBuildPhase section */
		B688FF532BDA69D6008F6800 /* Sources */ = {
			isa = PBXSourcesBuildPhase;
			buildActionMask = 2147483647;
			files = (
				B688FF932BDA6E4A008F6800 /* DataModel.swift in Sources */,
				B688FF8D2BDA6B02008F6800 /* InputMovieViewController.swift in Sources */,
				B688FF8B2BDA6AC5008F6800 /* MoviesTableViewController.swift in Sources */,
				B688FF5F2BDA69D6008F6800 /* ViewController.swift in Sources */,
				B688FF5B2BDA69D6008F6800 /* AppDelegate.swift in Sources */,
				B68FEB902BDC787A0005B87B /* UIImageViewExtension.swift in Sources */,
				B68FEB932BDCA7050005B87B /* CustomTableViewCell.swift in Sources */,
				B688FF912BDA6B66008F6800 /* DisplayDetailsViewController.swift in Sources */,
				B688FF5D2BDA69D6008F6800 /* SceneDelegate.swift in Sources */,
				B688FF952BDA6E5B008F6800 /* CommunicationDelegate.swift in Sources */,
			);
			runOnlyForDeploymentPostprocessing = 0;
		};
		B688FF692BDA69DB008F6800 /* Sources */ = {
			isa = PBXSourcesBuildPhase;
			buildActionMask = 2147483647;
			files = (
				B688FF722BDA69DB008F6800 /* SwiftDay3TaskTests.swift in Sources */,
			);
			runOnlyForDeploymentPostprocessing = 0;
		};
		B688FF732BDA69DB008F6800 /* Sources */ = {
			isa = PBXSourcesBuildPhase;
			buildActionMask = 2147483647;
			files = (
				B688FF7E2BDA69DB008F6800 /* SwiftDay3TaskUITestsLaunchTests.swift in Sources */,
				B688FF7C2BDA69DB008F6800 /* SwiftDay3TaskUITests.swift in Sources */,
			);
			runOnlyForDeploymentPostprocessing = 0;
		};
/* End PBXSourcesBuildPhase section */

/* Begin PBXTargetDependency section */
		B688FF6F2BDA69DB008F6800 /* PBXTargetDependency */ = {
			isa = PBXTargetDependency;
			target = B688FF562BDA69D6008F6800 /* SwiftDay3Task */;
			targetProxy = B688FF6E2BDA69DB008F6800 /* PBXContainerItemProxy */;
		};
		B688FF792BDA69DB008F6800 /* PBXTargetDependency */ = {
			isa = PBXTargetDependency;
			target = B688FF562BDA69D6008F6800 /* SwiftDay3Task */;
			targetProxy = B688FF782BDA69DB008F6800 /* PBXContainerItemProxy */;
		};
/* End PBXTargetDependency section */

/* Begin PBXVariantGroup section */
		B688FF602BDA69D6008F6800 /* Main.storyboard */ = {
			isa = PBXVariantGroup;
			children = (
				B688FF612BDA69D6008F6800 /* Base */,
			);
			name = Main.storyboard;
			sourceTree = "<group>";
		};
		B688FF652BDA69DB008F6800 /* LaunchScreen.storyboard */ = {
			isa = PBXVariantGroup;
			children = (
				B688FF662BDA69DB008F6800 /* Base */,
			);
			name = LaunchScreen.storyboard;
			sourceTree = "<group>";
		};
/* End PBXVariantGroup section */

/* Begin XCBuildConfiguration section */
		B688FF7F2BDA69DB008F6800 /* Debug */ = {
			isa = XCBuildConfiguration;
			buildSettings = {
				ALWAYS_SEARCH_USER_PATHS = NO;
				CLANG_ANALYZER_NONNULL = YES;
				CLANG_ANALYZER_NUMBER_OBJECT_CONVERSION = YES_AGGRESSIVE;
				CLANG_CXX_LANGUAGE_STANDARD = "gnu++17";
				CLANG_ENABLE_MODULES = YES;
				CLANG_ENABLE_OBJC_ARC = YES;
				CLANG_ENABLE_OBJC_WEAK = YES;
				CLANG_WARN_BLOCK_CAPTURE_AUTORELEASING = YES;
				CLANG_WARN_BOOL_CONVERSION = YES;
				CLANG_WARN_COMMA = YES;
				CLANG_WARN_CONSTANT_CONVERSION = YES;
				CLANG_WARN_DEPRECATED_OBJC_IMPLEMENTATIONS = YES;
				CLANG_WARN_DIRECT_OBJC_ISA_USAGE = YES_ERROR;
				CLANG_WARN_DOCUMENTATION_COMMENTS = YES;
				CLANG_WARN_EMPTY_BODY = YES;
				CLANG_WARN_ENUM_CONVERSION = YES;
				CLANG_WARN_INFINITE_RECURSION = YES;
				CLANG_WARN_INT_CONVERSION = YES;
				CLANG_WARN_NON_LITERAL_NULL_CONVERSION = YES;
				CLANG_WARN_OBJC_IMPLICIT_RETAIN_SELF = YES;
				CLANG_WARN_OBJC_LITERAL_CONVERSION = YES;
				CLANG_WARN_OBJC_ROOT_CLASS = YES_ERROR;
				CLANG_WARN_QUOTED_INCLUDE_IN_FRAMEWORK_HEADER = YES;
				CLANG_WARN_RANGE_LOOP_ANALYSIS = YES;
				CLANG_WARN_STRICT_PROTOTYPES = YES;
				CLANG_WARN_SUSPICIOUS_MOVE = YES;
				CLANG_WARN_UNGUARDED_AVAILABILITY = YES_AGGRESSIVE;
				CLANG_WARN_UNREACHABLE_CODE = YES;
				CLANG_WARN__DUPLICATE_METHOD_MATCH = YES;
				COPY_PHASE_STRIP = NO;
				DEBUG_INFORMATION_FORMAT = dwarf;
				ENABLE_STRICT_OBJC_MSGSEND = YES;
				ENABLE_TESTABILITY = YES;
				GCC_C_LANGUAGE_STANDARD = gnu11;
				GCC_DYNAMIC_NO_PIC = NO;
				GCC_NO_COMMON_BLOCKS = YES;
				GCC_OPTIMIZATION_LEVEL = 0;
				GCC_PREPROCESSOR_DEFINITIONS = (
					"DEBUG=1",
					"$(inherited)",
				);
				GCC_WARN_64_TO_32_BIT_CONVERSION = YES;
				GCC_WARN_ABOUT_RETURN_TYPE = YES_ERROR;
				GCC_WARN_UNDECLARED_SELECTOR = YES;
				GCC_WARN_UNINITIALIZED_AUTOS = YES_AGGRESSIVE;
				GCC_WARN_UNUSED_FUNCTION = YES;
				GCC_WARN_UNUSED_VARIABLE = YES;
				IPHONEOS_DEPLOYMENT_TARGET = 15.5;
				MTL_ENABLE_DEBUG_INFO = INCLUDE_SOURCE;
				MTL_FAST_MATH = YES;
				ONLY_ACTIVE_ARCH = YES;
				SDKROOT = iphoneos;
				SWIFT_ACTIVE_COMPILATION_CONDITIONS = DEBUG;
				SWIFT_OPTIMIZATION_LEVEL = "-Onone";
			};
			name = Debug;
		};
		B688FF802BDA69DB008F6800 /* Release */ = {
			isa = XCBuildConfiguration;
			buildSettings = {
				ALWAYS_SEARCH_USER_PATHS = NO;
				CLANG_ANALYZER_NONNULL = YES;
				CLANG_ANALYZER_NUMBER_OBJECT_CONVERSION = YES_AGGRESSIVE;
				CLANG_CXX_LANGUAGE_STANDARD = "gnu++17";
				CLANG_ENABLE_MODULES = YES;
				CLANG_ENABLE_OBJC_ARC = YES;
				CLANG_ENABLE_OBJC_WEAK = YES;
				CLANG_WARN_BLOCK_CAPTURE_AUTORELEASING = YES;
				CLANG_WARN_BOOL_CONVERSION = YES;
				CLANG_WARN_COMMA = YES;
				CLANG_WARN_CONSTANT_CONVERSION = YES;
				CLANG_WARN_DEPRECATED_OBJC_IMPLEMENTATIONS = YES;
				CLANG_WARN_DIRECT_OBJC_ISA_USAGE = YES_ERROR;
				CLANG_WARN_DOCUMENTATION_COMMENTS = YES;
				CLANG_WARN_EMPTY_BODY = YES;
				CLANG_WARN_ENUM_CONVERSION = YES;
				CLANG_WARN_INFINITE_RECURSION = YES;
				CLANG_WARN_INT_CONVERSION = YES;
				CLANG_WARN_NON_LITERAL_NULL_CONVERSION = YES;
				CLANG_WARN_OBJC_IMPLICIT_RETAIN_SELF = YES;
				CLANG_WARN_OBJC_LITERAL_CONVERSION = YES;
				CLANG_WARN_OBJC_ROOT_CLASS = YES_ERROR;
				CLANG_WARN_QUOTED_INCLUDE_IN_FRAMEWORK_HEADER = YES;
				CLANG_WARN_RANGE_LOOP_ANALYSIS = YES;
				CLANG_WARN_STRICT_PROTOTYPES = YES;
				CLANG_WARN_SUSPICIOUS_MOVE = YES;
				CLANG_WARN_UNGUARDED_AVAILABILITY = YES_AGGRESSIVE;
				CLANG_WARN_UNREACHABLE_CODE = YES;
				CLANG_WARN__DUPLICATE_METHOD_MATCH = YES;
				COPY_PHASE_STRIP = NO;
				DEBUG_INFORMATION_FORMAT = "dwarf-with-dsym";
				ENABLE_NS_ASSERTIONS = NO;
				ENABLE_STRICT_OBJC_MSGSEND = YES;
				GCC_C_LANGUAGE_STANDARD = gnu11;
				GCC_NO_COMMON_BLOCKS = YES;
				GCC_WARN_64_TO_32_BIT_CONVERSION = YES;
				GCC_WARN_ABOUT_RETURN_TYPE = YES_ERROR;
				GCC_WARN_UNDECLARED_SELECTOR = YES;
				GCC_WARN_UNINITIALIZED_AUTOS = YES_AGGRESSIVE;
				GCC_WARN_UNUSED_FUNCTION = YES;
				GCC_WARN_UNUSED_VARIABLE = YES;
				IPHONEOS_DEPLOYMENT_TARGET = 15.5;
				MTL_ENABLE_DEBUG_INFO = NO;
				MTL_FAST_MATH = YES;
				SDKROOT = iphoneos;
				SWIFT_COMPILATION_MODE = wholemodule;
				SWIFT_OPTIMIZATION_LEVEL = "-O";
				VALIDATE_PRODUCT = YES;
			};
			name = Release;
		};
		B688FF822BDA69DB008F6800 /* Debug */ = {
			isa = XCBuildConfiguration;
			baseConfigurationReference = D78FE0C63D504AD6C32E1CDF /* Pods-SwiftDay3Task.debug.xcconfig */;
			buildSettings = {
				ASSETCATALOG_COMPILER_APPICON_NAME = AppIcon;
				ASSETCATALOG_COMPILER_GLOBAL_ACCENT_COLOR_NAME = AccentColor;
				CODE_SIGN_STYLE = Automatic;
				CURRENT_PROJECT_VERSION = 1;
				GENERATE_INFOPLIST_FILE = YES;
				INFOPLIST_FILE = SwiftDay3Task/Info.plist;
				INFOPLIST_KEY_UIApplicationSupportsIndirectInputEvents = YES;
				INFOPLIST_KEY_UILaunchStoryboardName = LaunchScreen;
				INFOPLIST_KEY_UIMainStoryboardFile = Main;
				INFOPLIST_KEY_UISupportedInterfaceOrientations_iPad = "UIInterfaceOrientationPortrait UIInterfaceOrientationPortraitUpsideDown UIInterfaceOrientationLandscapeLeft UIInterfaceOrientationLandscapeRight";
				INFOPLIST_KEY_UISupportedInterfaceOrientations_iPhone = "UIInterfaceOrientationPortrait UIInterfaceOrientationLandscapeLeft UIInterfaceOrientationLandscapeRight";
				LD_RUNPATH_SEARCH_PATHS = (
					"$(inherited)",
					"@executable_path/Frameworks",
				);
				MARKETING_VERSION = 1.0;
				PRODUCT_BUNDLE_IDENTIFIER = "Sarah-Talaat.SwiftDay3Task";
				PRODUCT_NAME = "$(TARGET_NAME)";
				SWIFT_EMIT_LOC_STRINGS = YES;
				SWIFT_VERSION = 5.0;
				TARGETED_DEVICE_FAMILY = "1,2";
			};
			name = Debug;
		};
		B688FF832BDA69DB008F6800 /* Release */ = {
			isa = XCBuildConfiguration;
			baseConfigurationReference = DBAA0393937B9EB4BCD8A528 /* Pods-SwiftDay3Task.release.xcconfig */;
			buildSettings = {
				ASSETCATALOG_COMPILER_APPICON_NAME = AppIcon;
				ASSETCATALOG_COMPILER_GLOBAL_ACCENT_COLOR_NAME = AccentColor;
				CODE_SIGN_STYLE = Automatic;
				CURRENT_PROJECT_VERSION = 1;
				GENERATE_INFOPLIST_FILE = YES;
				INFOPLIST_FILE = SwiftDay3Task/Info.plist;
				INFOPLIST_KEY_UIApplicationSupportsIndirectInputEvents = YES;
				INFOPLIST_KEY_UILaunchStoryboardName = LaunchScreen;
				INFOPLIST_KEY_UIMainStoryboardFile = Main;
				INFOPLIST_KEY_UISupportedInterfaceOrientations_iPad = "UIInterfaceOrientationPortrait UIInterfaceOrientationPortraitUpsideDown UIInterfaceOrientationLandscapeLeft UIInterfaceOrientationLandscapeRight";
				INFOPLIST_KEY_UISupportedInterfaceOrientations_iPhone = "UIInterfaceOrientationPortrait UIInterfaceOrientationLandscapeLeft UIInterfaceOrientationLandscapeRight";
				LD_RUNPATH_SEARCH_PATHS = (
					"$(inherited)",
					"@executable_path/Frameworks",
				);
				MARKETING_VERSION = 1.0;
				PRODUCT_BUNDLE_IDENTIFIER = "Sarah-Talaat.SwiftDay3Task";
				PRODUCT_NAME = "$(TARGET_NAME)";
				SWIFT_EMIT_LOC_STRINGS = YES;
				SWIFT_VERSION = 5.0;
				TARGETED_DEVICE_FAMILY = "1,2";
			};
			name = Release;
		};
		B688FF852BDA69DB008F6800 /* Debug */ = {
			isa = XCBuildConfiguration;
			buildSettings = {
				ALWAYS_EMBED_SWIFT_STANDARD_LIBRARIES = YES;
				BUNDLE_LOADER = "$(TEST_HOST)";
				CODE_SIGN_STYLE = Automatic;
				CURRENT_PROJECT_VERSION = 1;
				GENERATE_INFOPLIST_FILE = YES;
				IPHONEOS_DEPLOYMENT_TARGET = 15.5;
				MARKETING_VERSION = 1.0;
				PRODUCT_BUNDLE_IDENTIFIER = "Sarah-Talaat.SwiftDay3TaskTests";
				PRODUCT_NAME = "$(TARGET_NAME)";
				SWIFT_EMIT_LOC_STRINGS = NO;
				SWIFT_VERSION = 5.0;
				TARGETED_DEVICE_FAMILY = "1,2";
				TEST_HOST = "$(BUILT_PRODUCTS_DIR)/SwiftDay3Task.app/SwiftDay3Task";
			};
			name = Debug;
		};
		B688FF862BDA69DB008F6800 /* Release */ = {
			isa = XCBuildConfiguration;
			buildSettings = {
				ALWAYS_EMBED_SWIFT_STANDARD_LIBRARIES = YES;
				BUNDLE_LOADER = "$(TEST_HOST)";
				CODE_SIGN_STYLE = Automatic;
				CURRENT_PROJECT_VERSION = 1;
				GENERATE_INFOPLIST_FILE = YES;
				IPHONEOS_DEPLOYMENT_TARGET = 15.5;
				MARKETING_VERSION = 1.0;
				PRODUCT_BUNDLE_IDENTIFIER = "Sarah-Talaat.SwiftDay3TaskTests";
				PRODUCT_NAME = "$(TARGET_NAME)";
				SWIFT_EMIT_LOC_STRINGS = NO;
				SWIFT_VERSION = 5.0;
				TARGETED_DEVICE_FAMILY = "1,2";
				TEST_HOST = "$(BUILT_PRODUCTS_DIR)/SwiftDay3Task.app/SwiftDay3Task";
			};
			name = Release;
		};
		B688FF882BDA69DB008F6800 /* Debug */ = {
			isa = XCBuildConfiguration;
			baseConfigurationReference = 9CF1FE390494C45B1E8BC27E /* Pods-SwiftDay3Task-SwiftDay3TaskUITests.debug.xcconfig */;
			buildSettings = {
				ALWAYS_EMBED_SWIFT_STANDARD_LIBRARIES = YES;
				CODE_SIGN_STYLE = Automatic;
				CURRENT_PROJECT_VERSION = 1;
				GENERATE_INFOPLIST_FILE = YES;
				MARKETING_VERSION = 1.0;
				PRODUCT_BUNDLE_IDENTIFIER = "Sarah-Talaat.SwiftDay3TaskUITests";
				PRODUCT_NAME = "$(TARGET_NAME)";
				SWIFT_EMIT_LOC_STRINGS = NO;
				SWIFT_VERSION = 5.0;
				TARGETED_DEVICE_FAMILY = "1,2";
				TEST_TARGET_NAME = SwiftDay3Task;
			};
			name = Debug;
		};
		B688FF892BDA69DB008F6800 /* Release */ = {
			isa = XCBuildConfiguration;
			baseConfigurationReference = 2C05F7253671AF43B15C3001 /* Pods-SwiftDay3Task-SwiftDay3TaskUITests.release.xcconfig */;
			buildSettings = {
				ALWAYS_EMBED_SWIFT_STANDARD_LIBRARIES = YES;
				CODE_SIGN_STYLE = Automatic;
				CURRENT_PROJECT_VERSION = 1;
				GENERATE_INFOPLIST_FILE = YES;
				MARKETING_VERSION = 1.0;
				PRODUCT_BUNDLE_IDENTIFIER = "Sarah-Talaat.SwiftDay3TaskUITests";
				PRODUCT_NAME = "$(TARGET_NAME)";
				SWIFT_EMIT_LOC_STRINGS = NO;
				SWIFT_VERSION = 5.0;
				TARGETED_DEVICE_FAMILY = "1,2";
				TEST_TARGET_NAME = SwiftDay3Task;
			};
			name = Release;
		};
/* End XCBuildConfiguration section */

/* Begin XCConfigurationList section */
		B688FF522BDA69D6008F6800 /* Build configuration list for PBXProject "SwiftDay3Task" */ = {
			isa = XCConfigurationList;
			buildConfigurations = (
				B688FF7F2BDA69DB008F6800 /* Debug */,
				B688FF802BDA69DB008F6800 /* Release */,
			);
			defaultConfigurationIsVisible = 0;
			defaultConfigurationName = Release;
		};
		B688FF812BDA69DB008F6800 /* Build configuration list for PBXNativeTarget "SwiftDay3Task" */ = {
			isa = XCConfigurationList;
			buildConfigurations = (
				B688FF822BDA69DB008F6800 /* Debug */,
				B688FF832BDA69DB008F6800 /* Release */,
			);
			defaultConfigurationIsVisible = 0;
			defaultConfigurationName = Release;
		};
		B688FF842BDA69DB008F6800 /* Build configuration list for PBXNativeTarget "SwiftDay3TaskTests" */ = {
			isa = XCConfigurationList;
			buildConfigurations = (
				B688FF852BDA69DB008F6800 /* Debug */,
				B688FF862BDA69DB008F6800 /* Release */,
			);
			defaultConfigurationIsVisible = 0;
			defaultConfigurationName = Release;
		};
		B688FF872BDA69DB008F6800 /* Build configuration list for PBXNativeTarget "SwiftDay3TaskUITests" */ = {
			isa = XCConfigurationList;
			buildConfigurations = (
				B688FF882BDA69DB008F6800 /* Debug */,
				B688FF892BDA69DB008F6800 /* Release */,
			);
			defaultConfigurationIsVisible = 0;
			defaultConfigurationName = Release;
		};
/* End XCConfigurationList section */
	};
	rootObject = B688FF4F2BDA69D6008F6800 /* Project object */;
}
